
Microsoft Visual Studio Solution File, Format Version 12.00
# Visual Studio Version 16
VisualStudioVersion = 16.0.34729.46
MinimumVisualStudioVersion = 10.0.40219.1
Project("{FAE04EC0-301F-11D3-BF4B-00C04F79EFBC}") = "SerialTool", "SerialTool\SerialTool.csproj", "{EDE297B2-D636-4555-9279-59DE32FBFC9D}"
EndProject
Project("{FAE04EC0-301F-11D3-BF4B-00C04F79EFBC}") = "MyTools", "MyTools\MyTools.csproj", "{3071648B-13FF-4087-82FB-CEB9778998F1}"
EndProject
Project("{54435603-DBB4-11D2-8724-00A0C9A8B90C}") = "SerialToolV2.0_Setup", "SerialToolV2.0_Setup\SerialToolV2.0_Setup.vdproj", "{3CA3174A-86D3-479F-87B2-7C4C7907AB12}"
EndProject
Global
	GlobalSection(SolutionConfigurationPlatforms) = preSolution
		Debug|Any CPU = Debug|Any CPU
		Release|Any CPU = Release|Any CPU
	EndGlobalSection
	GlobalSection(ProjectConfigurationPlatforms) = postSolution
		{EDE297B2-D636-4555-9279-59DE32FBFC9D}.Debug|Any CPU.ActiveCfg = Debug|Any CPU
		{EDE297B2-D636-4555-9279-59DE32FBFC9D}.Debug|Any CPU.Build.0 = Debug|Any CPU
		{EDE297B2-D636-4555-9279-59DE32FBFC9D}.Release|Any CPU.ActiveCfg = Release|Any CPU
		{EDE297B2-D636-4555-9279-59DE32FBFC9D}.Release|Any CPU.Build.0 = Release|Any CPU
		{3071648B-13FF-4087-82FB-CEB9778998F1}.Debug|Any CPU.ActiveCfg = Debug|Any CPU
		{3071648B-13FF-4087-82FB-CEB9778998F1}.Debug|Any CPU.Build.0 = Debug|Any CPU
		{3071648B-13FF-4087-82FB-CEB9778998F1}.Release|Any CPU.ActiveCfg = Release|Any CPU
		{3071648B-13FF-4087-82FB-CEB9778998F1}.Release|Any CPU.Build.0 = Release|Any CPU
		{3CA3174A-86D3-479F-87B2-7C4C7907AB12}.Debug|Any CPU.ActiveCfg = Debug
		{3CA3174A-86D3-479F-87B2-7C4C7907AB12}.Release|Any CPU.ActiveCfg = Release
	EndGlobalSection
	GlobalSection(SolutionProperties) = preSolution
		HideSolutionNode = FALSE
	EndGlobalSection
	GlobalSection(ExtensibilityGlobals) = postSolution
		SolutionGuid = {0DB70C63-A6A9-4525-9F89-0A00B83C8509}
	EndGlobalSection
EndGlobal
